{
  "requires": true,
  "lockfileVersion": 1,
  "dependencies": {
    "@ngrx/component-store": {
      "version": "12.5.1",
      "resolved": "https://registry.npmjs.org/@ngrx/component-store/-/component-store-12.5.1.tgz",
      "integrity": "sha512-0Jsp9okAHIj3E8MaqmEp0O0/11XnYAUcQ/S8G9UZNFXI2naMPNkOtpuEZ/fxNDOd23hr2PSNJfSv9Em1Q5Eahg==",
      "requires": {
        "tslib": "^2.0.0"
      }
    },
    "slugify": {
      "version": "1.6.2",
      "resolved": "https://registry.npmjs.org/slugify/-/slugify-1.6.2.tgz",
      "integrity": "sha512-XMtI8qD84LwCpthLMBHlIhcrj10cgA+U/Ot8G6FD6uFuWZtMfKK75JO7l81nzpFJsPlsW6LT+VKqWQJW3+6New=="
    },
    "tslib": {
      "version": "2.3.1",
      "resolved": "https://registry.npmjs.org/tslib/-/tslib-2.3.1.tgz",
      "integrity": "sha512-77EbyPPpMz+FRFRuAFlWMtmgUWGe9UOG2Z25NqCwiIjRhOf5iKGuzSe5P2w1laq+FkRy4p+PCuVkJSGkzTEKVw=="
    }
  }
}
