
Microsoft Visual Studio Solution File, Format Version 12.00
# Visual Studio Version 17
VisualStudioVersion = 17.5.33402.96
MinimumVisualStudioVersion = 15.0.26124.0
Project("{2150E333-8FDC-42A3-9474-1A3956D46DE8}") = "src", "src", "{7B1B5534-7FBD-4EC2-841B-8CFA5D876D8D}"
EndProject
Project("{2150E333-8FDC-42A3-9474-1A3956D46DE8}") = "Solution Items", "Solution Items", "{CDCF899F-D8AE-4139-87E5-B3FA08F6889E}"
EndProject
Project("{9A19103F-16F7-4668-BE54-9A1E7A4F7556}") = "ProjectManager.Api", "src\ProjectManager.Api\ProjectManager.Api.csproj", "{DDF71C9D-0308-4051-ADDF-842397B6857A}"
EndProject
Project("{9A19103F-16F7-4668-BE54-9A1E7A4F7556}") = "ProjectManager.Core", "src\ProjectManager.Core\ProjectManager.Core.csproj", "{355247D8-4C56-435C-995C-16F269EFC82C}"
EndProject
Project("{9A19103F-16F7-4668-BE54-9A1E7A4F7556}") = "ProjectManager.Infrastructure", "src\ProjectManager.Infrastructure\ProjectManager.Infrastructure.csproj", "{C3B784D7-EBF0-4FE4-AB59-6D5EB83F8842}"
EndProject
Global
	GlobalSection(SolutionConfigurationPlatforms) = preSolution
		Debug|Any CPU = Debug|Any CPU
		Release|Any CPU = Release|Any CPU
	EndGlobalSection
	GlobalSection(ProjectConfigurationPlatforms) = postSolution
		{DDF71C9D-0308-4051-ADDF-842397B6857A}.Debug|Any CPU.ActiveCfg = Debug|Any CPU
		{DDF71C9D-0308-4051-ADDF-842397B6857A}.Debug|Any CPU.Build.0 = Debug|Any CPU
		{DDF71C9D-0308-4051-ADDF-842397B6857A}.Release|Any CPU.ActiveCfg = Release|Any CPU
		{DDF71C9D-0308-4051-ADDF-842397B6857A}.Release|Any CPU.Build.0 = Release|Any CPU
		{355247D8-4C56-435C-995C-16F269EFC82C}.Debug|Any CPU.ActiveCfg = Debug|Any CPU
		{355247D8-4C56-435C-995C-16F269EFC82C}.Debug|Any CPU.Build.0 = Debug|Any CPU
		{355247D8-4C56-435C-995C-16F269EFC82C}.Release|Any CPU.ActiveCfg = Release|Any CPU
		{355247D8-4C56-435C-995C-16F269EFC82C}.Release|Any CPU.Build.0 = Release|Any CPU
		{C3B784D7-EBF0-4FE4-AB59-6D5EB83F8842}.Debug|Any CPU.ActiveCfg = Debug|Any CPU
		{C3B784D7-EBF0-4FE4-AB59-6D5EB83F8842}.Debug|Any CPU.Build.0 = Debug|Any CPU
		{C3B784D7-EBF0-4FE4-AB59-6D5EB83F8842}.Release|Any CPU.ActiveCfg = Release|Any CPU
		{C3B784D7-EBF0-4FE4-AB59-6D5EB83F8842}.Release|Any CPU.Build.0 = Release|Any CPU
	EndGlobalSection
	GlobalSection(SolutionProperties) = preSolution
		HideSolutionNode = FALSE
	EndGlobalSection
	GlobalSection(NestedProjects) = preSolution
		{DDF71C9D-0308-4051-ADDF-842397B6857A} = {7B1B5534-7FBD-4EC2-841B-8CFA5D876D8D}
		{355247D8-4C56-435C-995C-16F269EFC82C} = {7B1B5534-7FBD-4EC2-841B-8CFA5D876D8D}
		{C3B784D7-EBF0-4FE4-AB59-6D5EB83F8842} = {7B1B5534-7FBD-4EC2-841B-8CFA5D876D8D}
	EndGlobalSection
	GlobalSection(ExtensibilityGlobals) = postSolution
		SolutionGuid = {558F8E9F-43A9-407B-B505-F780C7C89436}
	EndGlobalSection
EndGlobal
